// !$*UTF8*$!
{
	archiveVersion = 1;
	classes = {
	};
	objectVersion = 46;
	objects = {

/* Begin PBXBuildFile section */
		7CFE7AC21B2733A9009E6093 /* AppDelegate.m in Sources */ = {isa = PBXBuildFile; fileRef = 7CFE7AC11B2733A9009E6093 /* AppDelegate.m */; };
		7CFE7AC41B2733A9009E6093 /* main.m in Sources */ = {isa = PBXBuildFile; fileRef = 7CFE7AC31B2733A9009E6093 /* main.m */; };
		7CFE7AC61B2733A9009E6093 /* Images.xcassets in Resources */ = {isa = PBXBuildFile; fileRef = 7CFE7AC51B2733A9009E6093 /* Images.xcassets */; };
		7CFE7AC91B2733A9009E6093 /* MainMenu.xib in Resources */ = {isa = PBXBuildFile; fileRef = 7CFE7AC71B2733A9009E6093 /* MainMenu.xib */; };
		7CFE7AD51B2733A9009E6093 /* AlertOSXTests.m in Sources */ = {isa = PBXBuildFile; fileRef = 7CFE7AD41B2733A9009E6093 /* AlertOSXTests.m */; };
/* End PBXBuildFile section */

/* Begin PBXContainerItemProxy section */
		7CFE7ACF1B2733A9009E6093 /* PBXContainerItemProxy */ = {
			isa = PBXContainerItemProxy;
			containerPortal = 7CFE7AB31B2733A9009E6093 /* Project object */;
			proxyType = 1;
			remoteGlobalIDString = 7CFE7ABA1B2733A9009E6093;
			remoteInfo = AlertOSX;
		};
/* End PBXContainerItemProxy section */

/* Begin PBXFileReference section */
		7CFE7ABB1B2733A9009E6093 /* AlertOSX.app */ = {isa = PBXFileReference; explicitFileType = wrapper.application; includeInIndex = 0; path = AlertOSX.app; sourceTree = BUILT_PRODUCTS_DIR; };
		7CFE7ABF1B2733A9009E6093 /* Info.plist */ = {isa = PBXFileReference; lastKnownFileType = text.plist.xml; path = Info.plist; sourceTree = "<group>"; };
		7CFE7AC01B2733A9009E6093 /* AppDelegate.h */ = {isa = PBXFileReference; lastKnownFileType = sourcecode.c.h; path = AppDelegate.h; sourceTree = "<group>"; };
		7CFE7AC11B2733A9009E6093 /* AppDelegate.m */ = {isa = PBXFileReference; lastKnownFileType = sourcecode.c.objc; path = AppDelegate.m; sourceTree = "<group>"; };
		7CFE7AC31B2733A9009E6093 /* main.m */ = {isa = PBXFileReference; lastKnownFileType = sourcecode.c.objc; path = main.m; sourceTree = "<group>"; };
		7CFE7AC51B2733A9009E6093 /* Images.xcassets */ = {isa = PBXFileReference; lastKnownFileType = folder.assetcatalog; path = Images.xcassets; sourceTree = "<group>"; };
		7CFE7AC81B2733A9009E6093 /* Base */ = {isa = PBXFileReference; lastKnownFileType = file.xib; name = Base; path = Base.lproj/MainMenu.xib; sourceTree = "<group>"; };
		7CFE7ACE1B2733A9009E6093 /* AlertOSXTests.xctest */ = {isa = PBXFileReference; explicitFileType = wrapper.cfbundle; includeInIndex = 0; path = AlertOSXTests.xctest; sourceTree = BUILT_PRODUCTS_DIR; };
		7CFE7AD31B2733A9009E6093 /* Info.plist */ = {isa = PBXFileReference; lastKnownFileType = text.plist.xml; path = Info.plist; sourceTree = "<group>"; };
		7CFE7AD41B2733A9009E6093 /* AlertOSXTests.m */ = {isa = PBXFileReference; lastKnownFileType = sourcecode.c.objc; path = AlertOSXTests.m; sourceTree = "<group>"; };
/* End PBXFileReference section */

/* Begin PBXFrameworksBuildPhase section */
		7CFE7AB81B2733A9009E6093 /* Frameworks */ = {
			isa = PBXFrameworksBuildPhase;
			buildActionMask = 2147483647;
			files = (
			);
			runOnlyForDeploymentPostprocessing = 0;
		};
		7CFE7ACB1B2733A9009E6093 /* Frameworks */ = {
			isa = PBXFrameworksBuildPhase;
			buildActionMask = 2147483647;
			files = (
			);
			runOnlyForDeploymentPostprocessing = 0;
		};
/* End PBXFrameworksBuildPhase section */

/* Begin PBXGroup section */
		7CFE7AB21B2733A9009E6093 = {
			isa = PBXGroup;
			children = (
				7CFE7ABD1B2733A9009E6093 /* AlertOSX */,
				7CFE7AD11B2733A9009E6093 /* AlertOSXTests */,
				7CFE7ABC1B2733A9009E6093 /* Products */,
			);
			sourceTree = "<group>";
		};
		7CFE7ABC1B2733A9009E6093 /* Products */ = {
			isa = PBXGroup;
			children = (
				7CFE7ABB1B2733A9009E6093 /* AlertOSX.app */,
				7CFE7ACE1B2733A9009E6093 /* AlertOSXTests.xctest */,
			);
			name = Products;
			sourceTree = "<group>";
		};
		7CFE7ABD1B2733A9009E6093 /* AlertOSX */ = {
			isa = PBXGroup;
			children = (
				7CFE7AC01B2733A9009E6093 /* AppDelegate.h */,
				7CFE7AC11B2733A9009E6093 /* AppDelegate.m */,
				7CFE7AC51B2733A9009E6093 /* Images.xcassets */,
				7CFE7AC71B2733A9009E6093 /* MainMenu.xib */,
				7CFE7ABE1B2733A9009E6093 /* Supporting Files */,
			);
			path = AlertOSX;
			sourceTree = "<group>";
		};
		7CFE7ABE1B2733A9009E6093 /* Supporting Files */ = {
			isa = PBXGroup;
			children = (
				7CFE7ABF1B2733A9009E6093 /* Info.plist */,
				7CFE7AC31B2733A9009E6093 /* main.m */,
			);
			name = "Supporting Files";
			sourceTree = "<group>";
		};
		7CFE7AD11B2733A9009E6093 /* AlertOSXTests */ = {
			isa = PBXGroup;
			children = (
				7CFE7AD41B2733A9009E6093 /* AlertOSXTests.m */,
				7CFE7AD21B2733A9009E6093 /* Supporting Files */,
			);
			path = AlertOSXTests;
			sourceTree = "<group>";
		};
		7CFE7AD21B2733A9009E6093 /* Supporting Files */ = {
			isa = PBXGroup;
			children = (
				7CFE7AD31B2733A9009E6093 /* Info.plist */,
			);
			name = "Supporting Files";
			sourceTree = "<group>";
		};
/* End PBXGroup section */

/* Begin PBXNativeTarget section */
		7CFE7ABA1B2733A9009E6093 /* AlertOSX */ = {
			isa = PBXNativeTarget;
			buildConfigurationList = 7CFE7AD81B2733A9009E6093 /* Build configuration list for PBXNativeTarget "AlertOSX" */;
			buildPhases = (
				7CFE7AB71B2733A9009E6093 /* Sources */,
				7CFE7AB81B2733A9009E6093 /* Frameworks */,
				7CFE7AB91B2733A9009E6093 /* Resources */,
			);
			buildRules = (
			);
			dependencies = (
			);
			name = AlertOSX;
			productName = AlertOSX;
			productReference = 7CFE7ABB1B2733A9009E6093 /* AlertOSX.app */;
			productType = "com.apple.product-type.application";
		};
		7CFE7ACD1B2733A9009E6093 /* AlertOSXTests */ = {
			isa = PBXNativeTarget;
			buildConfigurationList = 7CFE7ADB1B2733A9009E6093 /* Build configuration list for PBXNativeTarget "AlertOSXTests" */;
			buildPhases = (
				7CFE7ACA1B2733A9009E6093 /* Sources */,
				7CFE7ACB1B2733A9009E6093 /* Frameworks */,
				7CFE7ACC1B2733A9009E6093 /* Resources */,
			);
			buildRules = (
			);
			dependencies = (
				7CFE7AD01B2733A9009E6093 /* PBXTargetDependency */,
			);
			name = AlertOSXTests;
			productName = AlertOSXTests;
			productReference = 7CFE7ACE1B2733A9009E6093 /* AlertOSXTests.xctest */;
			productType = "com.apple.product-type.bundle.unit-test";
		};
/* End PBXNativeTarget section */

/* Begin PBXProject section */
		7CFE7AB31B2733A9009E6093 /* Project object */ = {
			isa = PBXProject;
			attributes = {
				LastUpgradeCheck = 0630;
				ORGANIZATIONNAME = "Giving Tree";
				TargetAttributes = {
					7CFE7ABA1B2733A9009E6093 = {
						CreatedOnToolsVersion = 6.3.1;
					};
					7CFE7ACD1B2733A9009E6093 = {
						CreatedOnToolsVersion = 6.3.1;
						TestTargetID = 7CFE7ABA1B2733A9009E6093;
					};
				};
			};
			buildConfigurationList = 7CFE7AB61B2733A9009E6093 /* Build configuration list for PBXProject "AlertOSX" */;
			compatibilityVersion = "Xcode 3.2";
			developmentRegion = English;
			hasScannedForEncodings = 0;
			knownRegions = (
				en,
				Base,
			);
			mainGroup = 7CFE7AB21B2733A9009E6093;
			productRefGroup = 7CFE7ABC1B2733A9009E6093 /* Products */;
			projectDirPath = "";
			projectRoot = "";
			targets = (
				7CFE7ABA1B2733A9009E6093 /* AlertOSX */,
				7CFE7ACD1B2733A9009E6093 /* AlertOSXTests */,
			);
		};
/* End PBXProject section */

/* Begin PBXResourcesBuildPhase section */
		7CFE7AB91B2733A9009E6093 /* Resources */ = {
			isa = PBXResourcesBuildPhase;
			buildActionMask = 2147483647;
			files = (
				7CFE7AC61B2733A9009E6093 /* Images.xcassets in Resources */,
				7CFE7AC91B2733A9009E6093 /* MainMenu.xib in Resources */,
			);
			runOnlyForDeploymentPostprocessing = 0;
		};
		7CFE7ACC1B2733A9009E6093 /* Resources */ = {
			isa = PBXResourcesBuildPhase;
			buildActionMask = 2147483647;
			files = (
			);
			runOnlyForDeploymentPostprocessing = 0;
		};
/* End PBXResourcesBuildPhase section */

/* Begin PBXSourcesBuildPhase section */
		7CFE7AB71B2733A9009E6093 /* Sources */ = {
			isa = PBXSourcesBuildPhase;
			buildActionMask = 2147483647;
			files = (
				7CFE7AC41B2733A9009E6093 /* main.m in Sources */,
				7CFE7AC21B2733A9009E6093 /* AppDelegate.m in Sources */,
			);
			runOnlyForDeploymentPostprocessing = 0;
		};
		7CFE7ACA1B2733A9009E6093 /* Sources */ = {
			isa = PBXSourcesBuildPhase;
			buildActionMask = 2147483647;
			files = (
				7CFE7AD51B2733A9009E6093 /* AlertOSXTests.m in Sources */,
			);
			runOnlyForDeploymentPostprocessing = 0;
		};
/* End PBXSourcesBuildPhase section */

/* Begin PBXTargetDependency section */
		7CFE7AD01B2733A9009E6093 /* PBXTargetDependency */ = {
			isa = PBXTargetDependency;
			target = 7CFE7ABA1B2733A9009E6093 /* AlertOSX */;
			targetProxy = 7CFE7ACF1B2733A9009E6093 /* PBXContainerItemProxy */;
		};
/* End PBXTargetDependency section */

/* Begin PBXVariantGroup section */
		7CFE7AC71B2733A9009E6093 /* MainMenu.xib */ = {
			isa = PBXVariantGroup;
			children = (
				7CFE7AC81B2733A9009E6093 /* Base */,
			);
			name = MainMenu.xib;
			sourceTree = "<group>";
		};
/* End PBXVariantGroup section */

/* Begin XCBuildConfiguration section */
		7CFE7AD61B2733A9009E6093 /* Debug */ = {
			isa = XCBuildConfiguration;
			buildSettings = {
				ALWAYS_SEARCH_USER_PATHS = NO;
				CLANG_CXX_LANGUAGE_STANDARD = "gnu++0x";
				CLANG_CXX_LIBRARY = "libc++";
				CLANG_ENABLE_MODULES = YES;
				CLANG_ENABLE_OBJC_ARC = YES;
				CLANG_WARN_BOOL_CONVERSION = YES;
				CLANG_WARN_CONSTANT_CONVERSION = YES;
				CLANG_WARN_DIRECT_OBJC_ISA_USAGE = YES_ERROR;
				CLANG_WARN_EMPTY_BODY = YES;
				CLANG_WARN_ENUM_CONVERSION = YES;
				CLANG_WARN_INT_CONVERSION = YES;
				CLANG_WARN_OBJC_ROOT_CLASS = YES_ERROR;
				CLANG_WARN_UNREACHABLE_CODE = YES;
				CLANG_WARN__DUPLICATE_METHOD_MATCH = YES;
				CODE_SIGN_IDENTITY = "-";
				COPY_PHASE_STRIP = NO;
				DEBUG_INFORMATION_FORMAT = dwarf;
				ENABLE_STRICT_OBJC_MSGSEND = YES;
				GCC_C_LANGUAGE_STANDARD = gnu99;
				GCC_DYNAMIC_NO_PIC = NO;
				GCC_NO_COMMON_BLOCKS = YES;
				GCC_OPTIMIZATION_LEVEL = 0;
				GCC_PREPROCESSOR_DEFINITIONS = (
					"DEBUG=1",
					"$(inherited)",
				);
				GCC_SYMBOLS_PRIVATE_EXTERN = NO;
				GCC_WARN_64_TO_32_BIT_CONVERSION = YES;
				GCC_WARN_ABOUT_RETURN_TYPE = YES_ERROR;
				GCC_WARN_UNDECLARED_SELECTOR = YES;
				GCC_WARN_UNINITIALIZED_AUTOS = YES_AGGRESSIVE;
				GCC_WARN_UNUSED_FUNCTION = YES;
				GCC_WARN_UNUSED_VARIABLE = YES;
				MACOSX_DEPLOYMENT_TARGET = 10.10;
				MTL_ENABLE_DEBUG_INFO = YES;
				ONLY_ACTIVE_ARCH = YES;
				SDKROOT = macosx;
			};
			name = Debug;
		};
		7CFE7AD71B2733A9009E6093 /* Release */ = {
			isa = XCBuildConfiguration;
			buildSettings = {
				ALWAYS_SEARCH_USER_PATHS = NO;
				CLANG_CXX_LANGUAGE_STANDARD = "gnu++0x";
				CLANG_CXX_LIBRARY = "libc++";
				CLANG_ENABLE_MODULES = YES;
				CLANG_ENABLE_OBJC_ARC = YES;
				CLANG_WARN_BOOL_CONVERSION = YES;
				CLANG_WARN_CONSTANT_CONVERSION = YES;
				CLANG_WARN_DIRECT_OBJC_ISA_USAGE = YES_ERROR;
				CLANG_WARN_EMPTY_BODY = YES;
				CLANG_WARN_ENUM_CONVERSION = YES;
				CLANG_WARN_INT_CONVERSION = YES;
				CLANG_WARN_OBJC_ROOT_CLASS = YES_ERROR;
				CLANG_WARN_UNREACHABLE_CODE = YES;
				CLANG_WARN__DUPLICATE_METHOD_MATCH = YES;
				CODE_SIGN_IDENTITY = "-";
				COPY_PHASE_STRIP = NO;
				DEBUG_INFORMATION_FORMAT = "dwarf-with-dsym";
				ENABLE_NS_ASSERTIONS = NO;
				ENABLE_STRICT_OBJC_MSGSEND = YES;
				GCC_C_LANGUAGE_STANDARD = gnu99;
				GCC_NO_COMMON_BLOCKS = YES;
				GCC_WARN_64_TO_32_BIT_CONVERSION = YES;
				GCC_WARN_ABOUT_RETURN_TYPE = YES_ERROR;
				GCC_WARN_UNDECLARED_SELECTOR = YES;
				GCC_WARN_UNINITIALIZED_AUTOS = YES_AGGRESSIVE;
				GCC_WARN_UNUSED_FUNCTION = YES;
				GCC_WARN_UNUSED_VARIABLE = YES;
				MACOSX_DEPLOYMENT_TARGET = 10.10;
				MTL_ENABLE_DEBUG_INFO = NO;
				SDKROOT = macosx;
			};
			name = Release;
		};
		7CFE7AD91B2733A9009E6093 /* Debug */ = {
			isa = XCBuildConfiguration;
			buildSettings = {
				ASSETCATALOG_COMPILER_APPICON_NAME = AppIcon;
				COMBINE_HIDPI_IMAGES = YES;
				INFOPLIST_FILE = AlertOSX/Info.plist;
				LD_RUNPATH_SEARCH_PATHS = "$(inherited) @executable_path/../Frameworks";
				PRODUCT_NAME = "$(TARGET_NAME)";
			};
			name = Debug;
		};
		7CFE7ADA1B2733A9009E6093 /* Release */ = {
			isa = XCBuildConfiguration;
			buildSettings = {
				ASSETCATALOG_COMPILER_APPICON_NAME = AppIcon;
				COMBINE_HIDPI_IMAGES = YES;
				INFOPLIST_FILE = AlertOSX/Info.plist;
				LD_RUNPATH_SEARCH_PATHS = "$(inherited) @executable_path/../Frameworks";
				PRODUCT_NAME = "$(TARGET_NAME)";
			};
			name = Release;
		};
		7CFE7ADC1B2733A9009E6093 /* Debug */ = {
			isa = XCBuildConfiguration;
			buildSettings = {
				BUNDLE_LOADER = "$(TEST_HOST)";
				COMBINE_HIDPI_IMAGES = YES;
				FRAMEWORK_SEARCH_PATHS = (
					"$(DEVELOPER_FRAMEWORKS_DIR)",
					"$(inherited)",
				);
				GCC_PREPROCESSOR_DEFINITIONS = (
					"DEBUG=1",
					"$(inherited)",
				);
				INFOPLIST_FILE = AlertOSXTests/Info.plist;
				LD_RUNPATH_SEARCH_PATHS = "$(inherited) @executable_path/../Frameworks @loader_path/../Frameworks";
				PRODUCT_NAME = "$(TARGET_NAME)";
				TEST_HOST = "$(BUILT_PRODUCTS_DIR)/AlertOSX.app/Contents/MacOS/AlertOSX";
			};
			name = Debug;
		};
		7CFE7ADD1B2733A9009E6093 /* Release */ = {
			isa = XCBuildConfiguration;
			buildSettings = {
				BUNDLE_LOADER = "$(TEST_HOST)";
				COMBINE_HIDPI_IMAGES = YES;
				FRAMEWORK_SEARCH_PATHS = (
					"$(DEVELOPER_FRAMEWORKS_DIR)",
					"$(inherited)",
				);
				INFOPLIST_FILE = AlertOSXTests/Info.plist;
				LD_RUNPATH_SEARCH_PATHS = "$(inherited) @executable_path/../Frameworks @loader_path/../Frameworks";
				PRODUCT_NAME = "$(TARGET_NAME)";
				TEST_HOST = "$(BUILT_PRODUCTS_DIR)/AlertOSX.app/Contents/MacOS/AlertOSX";
			};
			name = Release;
		};
/* End XCBuildConfiguration section */

/* Begin XCConfigurationList section */
		7CFE7AB61B2733A9009E6093 /* Build configuration list for PBXProject "AlertOSX" */ = {
			isa = XCConfigurationList;
			buildConfigurations = (
				7CFE7AD61B2733A9009E6093 /* Debug */,
				7CFE7AD71B2733A9009E6093 /* Release */,
			);
			defaultConfigurationIsVisible = 0;
			defaultConfigurationName = Release;
		};
		7CFE7AD81B2733A9009E6093 /* Build configuration list for PBXNativeTarget "AlertOSX" */ = {
			isa = XCConfigurationList;
			buildConfigurations = (
				7CFE7AD91B2733A9009E6093 /* Debug */,
				7CFE7ADA1B2733A9009E6093 /* Release */,
			);
			defaultConfigurationIsVisible = 0;
		};
		7CFE7ADB1B2733A9009E6093 /* Build configuration list for PBXNativeTarget "AlertOSXTests" */ = {
			isa = XCConfigurationList;
			buildConfigurations = (
				7CFE7ADC1B2733A9009E6093 /* Debug */,
				7CFE7ADD1B2733A9009E6093 /* Release */,
			);
			defaultConfigurationIsVisible = 0;
		};
/* End XCConfigurationList section */
	};
	rootObject = 7CFE7AB31B2733A9009E6093 /* Project object */;
}
